# graft.lock — generated by `graft sync`. Do not edit.
version = 1

[[source]]
name     = "openspec-schemas"
git      = "github.com/optioni/openspec-schemas"
rev      = "v1.2.0"
resolved = "fae2a30c1d4b8e9f0a2b3c4d5e6f708192a3b4c5"

  [[source.item]]
  id    = "agent:apply-orchestrator"
  files = [".claude/agents/apply-orchestrator.md"]

  [[source.item]]
  id    = "schema:tdd"
  files = [
    "openspec/schemas/tdd/schema.yaml",
    "openspec/schemas/tdd/templates/design.md",
  ]
